
Microsoft Visual Studio Solution File, Format Version 12.00
# Visual Studio Version 17
VisualStudioVersion = 17.0.31903.59
MinimumVisualStudioVersion = 10.0.40219.1
Project("{9A19103F-16F7-4668-BE54-9A1E7A4F7556}") = "ProductApi", "ProductApi\ProductApi.csproj", "{4D706A47-45D1-49FE-8147-91EF1C7842F6}"
EndProject
Project("{FAE04EC0-301F-11D3-BF4B-00C04F79EFBC}") = "VShop.Web", "VShop.Web\VShop.Web.csproj", "{21B171EE-EE31-4F9E-BF7A-73596C4B83C7}"
EndProject
Global
	GlobalSection(SolutionConfigurationPlatforms) = preSolution
		Debug|Any CPU = Debug|Any CPU
		Release|Any CPU = Release|Any CPU
	EndGlobalSection
	GlobalSection(ProjectConfigurationPlatforms) = postSolution
		{4D706A47-45D1-49FE-8147-91EF1C7842F6}.Debug|Any CPU.ActiveCfg = Debug|Any CPU
		{4D706A47-45D1-49FE-8147-91EF1C7842F6}.Debug|Any CPU.Build.0 = Debug|Any CPU
		{4D706A47-45D1-49FE-8147-91EF1C7842F6}.Release|Any CPU.ActiveCfg = Release|Any CPU
		{4D706A47-45D1-49FE-8147-91EF1C7842F6}.Release|Any CPU.Build.0 = Release|Any CPU
		{21B171EE-EE31-4F9E-BF7A-73596C4B83C7}.Debug|Any CPU.ActiveCfg = Debug|Any CPU
		{21B171EE-EE31-4F9E-BF7A-73596C4B83C7}.Debug|Any CPU.Build.0 = Debug|Any CPU
		{21B171EE-EE31-4F9E-BF7A-73596C4B83C7}.Release|Any CPU.ActiveCfg = Release|Any CPU
		{21B171EE-EE31-4F9E-BF7A-73596C4B83C7}.Release|Any CPU.Build.0 = Release|Any CPU
	EndGlobalSection
	GlobalSection(SolutionProperties) = preSolution
		HideSolutionNode = FALSE
	EndGlobalSection
	GlobalSection(ExtensibilityGlobals) = postSolution
		SolutionGuid = {FEDB2578-E2A4-485C-A4B3-ED5346839C14}
	EndGlobalSection
EndGlobal
